
Microsoft Visual Studio Solution File, Format Version 12.00
Project("{FAE04EC0-301F-11D3-BF4B-00C04F79EFBC}") = "AuthService", "AuthService\AuthService.csproj", "{B42DF722-A87E-447A-9BCA-52E218D668A2}"
EndProject
Project("{FAE04EC0-301F-11D3-BF4B-00C04F79EFBC}") = "TestJob.Domain", "TestJob.Domain\TestJob.Domain.csproj", "{0FFD7092-4086-4936-86F8-FE799A8B7993}"
EndProject
Project("{FAE04EC0-301F-11D3-BF4B-00C04F79EFBC}") = "ShopService", "ShopService\ShopService.csproj", "{A7C2DE3D-ACA4-407E-9A1E-2CE91A6024FA}"
EndProject
Global
	GlobalSection(SolutionConfigurationPlatforms) = preSolution
		Debug|Any CPU = Debug|Any CPU
		Release|Any CPU = Release|Any CPU
	EndGlobalSection
	GlobalSection(ProjectConfigurationPlatforms) = postSolution
		{B42DF722-A87E-447A-9BCA-52E218D668A2}.Debug|Any CPU.ActiveCfg = Debug|Any CPU
		{B42DF722-A87E-447A-9BCA-52E218D668A2}.Debug|Any CPU.Build.0 = Debug|Any CPU
		{B42DF722-A87E-447A-9BCA-52E218D668A2}.Release|Any CPU.ActiveCfg = Release|Any CPU
		{B42DF722-A87E-447A-9BCA-52E218D668A2}.Release|Any CPU.Build.0 = Release|Any CPU
		{0FFD7092-4086-4936-86F8-FE799A8B7993}.Debug|Any CPU.ActiveCfg = Debug|Any CPU
		{0FFD7092-4086-4936-86F8-FE799A8B7993}.Debug|Any CPU.Build.0 = Debug|Any CPU
		{0FFD7092-4086-4936-86F8-FE799A8B7993}.Release|Any CPU.ActiveCfg = Release|Any CPU
		{0FFD7092-4086-4936-86F8-FE799A8B7993}.Release|Any CPU.Build.0 = Release|Any CPU
		{A7C2DE3D-ACA4-407E-9A1E-2CE91A6024FA}.Debug|Any CPU.ActiveCfg = Debug|Any CPU
		{A7C2DE3D-ACA4-407E-9A1E-2CE91A6024FA}.Debug|Any CPU.Build.0 = Debug|Any CPU
		{A7C2DE3D-ACA4-407E-9A1E-2CE91A6024FA}.Release|Any CPU.ActiveCfg = Release|Any CPU
		{A7C2DE3D-ACA4-407E-9A1E-2CE91A6024FA}.Release|Any CPU.Build.0 = Release|Any CPU
	EndGlobalSection
	GlobalSection(NestedProjects) = preSolution
	EndGlobalSection
EndGlobal
